{
  "name": "gatsby-remark-emoji",
  "version": "0.0.3",
  "lockfileVersion": 2,
  "requires": true,
  "packages": {
    "": {
      "name": "gatsby-remark-emoji",
      "version": "0.0.3",
      "license": "MIT",
      "dependencies": {
        "bluebird": "^3.5.0",
        "emojione": "^3.1.2"
      }
    },
    "node_modules/bluebird": {
      "version": "3.5.0",
      "resolved": "https://registry.npmjs.org/bluebird/-/bluebird-3.5.0.tgz",
      "integrity": "sha1-eRQg1/VR7qKJdFOop3ZT+WYG1nw="
    },
    "node_modules/emojione": {
      "version": "3.1.2",
      "resolved": "https://registry.npmjs.org/emojione/-/emojione-3.1.2.tgz",
      "integrity": "sha1-mR4wyA20sc8V6ssldiCn7c6cbvQ="
    }
  },
  "dependencies": {
    "bluebird": {
      "version": "3.5.0",
      "resolved": "https://registry.npmjs.org/bluebird/-/bluebird-3.5.0.tgz",
      "integrity": "sha1-eRQg1/VR7qKJdFOop3ZT+WYG1nw="
    },
    "emojione": {
      "version": "3.1.2",
      "resolved": "https://registry.npmjs.org/emojione/-/emojione-3.1.2.tgz",
      "integrity": "sha1-mR4wyA20sc8V6ssldiCn7c6cbvQ="
    }
  }
}
