# THIS IS AN AUTOGENERATED FILE. DO NOT EDIT THIS FILE DIRECTLY.
# yarn lockfile v1


"bluebird@^3.5.0":
  "integrity" "sha1-eRQg1/VR7qKJdFOop3ZT+WYG1nw="
  "resolved" "https://registry.npmjs.org/bluebird/-/bluebird-3.5.0.tgz"
  "version" "3.5.0"


emoji-toolkit@^6.0.1:
  version "6.0.1"
  resolved "https://registry.yarnpkg.com/emoji-toolkit/-/emoji-toolkit-6.0.1.tgz#7dec51f79dd44863d86c647a805ebc41cea82a5a"
  integrity sha512-QZZq0beHg753JxcBt89UBFqzwYNuMtXhNO+jY3viSAndewmn9biTE5glaro1RA0uWJ4hKqw4k1Mboe1M6sGkMA==
