# THIS IS AN AUTOGENERATED FILE. DO NOT EDIT THIS FILE DIRECTLY.
# yarn lockfile v1


"bluebird@^3.5.0":
  "integrity" "sha1-eRQg1/VR7qKJdFOop3ZT+WYG1nw="
  "resolved" "https://registry.npmjs.org/bluebird/-/bluebird-3.5.0.tgz"
  "version" "3.5.0"

"emojione@^3.1.2":
  "integrity" "sha1-mR4wyA20sc8V6ssldiCn7c6cbvQ="
  "resolved" "https://registry.npmjs.org/emojione/-/emojione-3.1.2.tgz"
  "version" "3.1.2"
